
Microsoft Visual Studio Solution File, Format Version 12.00
# Visual Studio 15
VisualStudioVersion = 15.0.27130.2003
MinimumVisualStudioVersion = 10.0.40219.1
Project("{8BC9CEB8-8B4A-11D0-8D11-00A0C91BC942}") = "LOL", "LOL.vcxproj", "{8F1A9F09-2F62-42E2-B7B9-40744FDE1800}"
EndProject
Global
	GlobalSection(SolutionConfigurationPlatforms) = preSolution
		Debug|x64 = Debug|x64
		Debug|x86 = Debug|x86
		Release|x64 = Release|x64
		Release|x86 = Release|x86
	EndGlobalSection
	GlobalSection(ProjectConfigurationPlatforms) = postSolution
		{8F1A9F09-2F62-42E2-B7B9-40744FDE1800}.Debug|x64.ActiveCfg = Debug|x64
		{8F1A9F09-2F62-42E2-B7B9-40744FDE1800}.Debug|x64.Build.0 = Debug|x64
		{8F1A9F09-2F62-42E2-B7B9-40744FDE1800}.Debug|x86.ActiveCfg = Debug|Win32
		{8F1A9F09-2F62-42E2-B7B9-40744FDE1800}.Debug|x86.Build.0 = Debug|Win32
		{8F1A9F09-2F62-42E2-B7B9-40744FDE1800}.Release|x64.ActiveCfg = Release|x64
		{8F1A9F09-2F62-42E2-B7B9-40744FDE1800}.Release|x64.Build.0 = Release|x64
		{8F1A9F09-2F62-42E2-B7B9-40744FDE1800}.Release|x86.ActiveCfg = Release|Win32
		{8F1A9F09-2F62-42E2-B7B9-40744FDE1800}.Release|x86.Build.0 = Release|Win32
	EndGlobalSection
	GlobalSection(SolutionProperties) = preSolution
		HideSolutionNode = FALSE
	EndGlobalSection
	GlobalSection(ExtensibilityGlobals) = postSolution
		SolutionGuid = {BCAA9514-5335-40F9-AD92-7AB4364DB665}
	EndGlobalSection
EndGlobal
